// !$*UTF8*$!
{
	archiveVersion = 1;
	classes = {
	};
	objectVersion = 56;
	objects = {

/* Begin PBXBuildFile section */
		260480382CBAC7470060A4D2 /* Array.extensions.swift in Sources */ = {isa = PBXBuildFile; fileRef = 260480372CBAC7440060A4D2 /* Array.extensions.swift */; };
		2604803B2CBAE2EA0060A4D2 /* HeartRateViewModel.swift in Sources */ = {isa = PBXBuildFile; fileRef = 2604803A2CBAE2E60060A4D2 /* HeartRateViewModel.swift */; };
		2604803D2CBAEBDB0060A4D2 /* HeartRateTestingUtils.swift in Sources */ = {isa = PBXBuildFile; fileRef = 2604803C2CBAEBD80060A4D2 /* HeartRateTestingUtils.swift */; };
		2604803F2CBB05C40060A4D2 /* PPGChartView.swift in Sources */ = {isa = PBXBuildFile; fileRef = 2604803E2CBB05C10060A4D2 /* PPGChartView.swift */; };
		260480412CBB12CA0060A4D2 /* HeartRateChartView.swift in Sources */ = {isa = PBXBuildFile; fileRef = 260480402CBB12CA0060A4D2 /* HeartRateChartView.swift */; };
		260480432CBB133C0060A4D2 /* HeartRateChannelSelectorView.swift in Sources */ = {isa = PBXBuildFile; fileRef = 260480422CBB133C0060A4D2 /* HeartRateChannelSelectorView.swift */; };
		260A726F2AE1E7D3005FC26B /* LowFrequencyData.swift in Sources */ = {isa = PBXBuildFile; fileRef = 260A726E2AE1E7D3005FC26B /* LowFrequencyData.swift */; };
		260A72712AE1E7E6005FC26B /* Data.extensions.swift in Sources */ = {isa = PBXBuildFile; fileRef = 260A72702AE1E7E6005FC26B /* Data.extensions.swift */; };
		260CAFAF2C910EED001F92A6 /* Date.extensions.swift in Sources */ = {isa = PBXBuildFile; fileRef = 260CAFAE2C910EED001F92A6 /* Date.extensions.swift */; };
		262057F32B60864A00FCDEA6 /* PairedDeviceRow.swift in Sources */ = {isa = PBXBuildFile; fileRef = 262057F22B60864A00FCDEA6 /* PairedDeviceRow.swift */; };
		262057F52B608A6F00FCDEA6 /* DeviceBatteryListener.swift in Sources */ = {isa = PBXBuildFile; fileRef = 262057F42B608A6F00FCDEA6 /* DeviceBatteryListener.swift */; };
		262785702B043F8E0077E3FC /* FloatingButton.swift in Sources */ = {isa = PBXBuildFile; fileRef = 2627856F2B043F8E0077E3FC /* FloatingButton.swift */; };
		262785722B0442820077E3FC /* AddDeviceView.swift in Sources */ = {isa = PBXBuildFile; fileRef = 262785712B0442820077E3FC /* AddDeviceView.swift */; };
		2640B69F2ABB2D9E002E1DD2 /* BluetoothTestView.swift in Sources */ = {isa = PBXBuildFile; fileRef = 2640B69E2ABB2D9E002E1DD2 /* BluetoothTestView.swift */; };
		2640B6A12ABB639F002E1DD2 /* BluetoothTestPeripheralView.swift in Sources */ = {isa = PBXBuildFile; fileRef = 2640B6A02ABB639F002E1DD2 /* BluetoothTestPeripheralView.swift */; };
		2661E53F2CE187D5008BCD96 /* PairedPeripheralManager.swift in Sources */ = {isa = PBXBuildFile; fileRef = 2661E53E2CE187D3008BCD96 /* PairedPeripheralManager.swift */; };
		266283E92B06A85400512992 /* BLEModel-Peripheral.swift in Sources */ = {isa = PBXBuildFile; fileRef = 266283E82B06A85400512992 /* BLEModel-Peripheral.swift */; };
		266358EF2B84EDA1005C5C18 /* LocalDeviceDataManagerService.swift in Sources */ = {isa = PBXBuildFile; fileRef = 266358EE2B84EDA1005C5C18 /* LocalDeviceDataManagerService.swift */; };
		266D038B2CAF5659003E6E44 /* LivePPGData.swift in Sources */ = {isa = PBXBuildFile; fileRef = 266D038A2CAF5659003E6E44 /* LivePPGData.swift */; };
		2670226A2B843BC3002A7EAC /* NewDevicePairedService.swift in Sources */ = {isa = PBXBuildFile; fileRef = 267022692B843BC3002A7EAC /* NewDevicePairedService.swift */; };
		2672ED892B16B7E200D70BB8 /* TextFieldForm.swift in Sources */ = {isa = PBXBuildFile; fileRef = 2672ED882B16B7E200D70BB8 /* TextFieldForm.swift */; };
		267D61032AE5DA2400BEF799 /* CSVDataRow.swift in Sources */ = {isa = PBXBuildFile; fileRef = 267D61022AE5DA2400BEF799 /* CSVDataRow.swift */; };
		267D61052AE5DBB300BEF799 /* CSVBuffer.swift in Sources */ = {isa = PBXBuildFile; fileRef = 267D61042AE5DBB300BEF799 /* CSVBuffer.swift */; };
		26809ED52AD5FB4100A89803 /* CBUUIDs.swift in Sources */ = {isa = PBXBuildFile; fileRef = 26809ED42AD5FB4100A89803 /* CBUUIDs.swift */; };
		26834A742CB8B1B3003D713E /* FileHandleTest.swift in Sources */ = {isa = PBXBuildFile; fileRef = 26834A732CB8B1B3003D713E /* FileHandleTest.swift */; };
		2683C31E2AE2C55600C59DFF /* MediumFrequencyData.swift in Sources */ = {isa = PBXBuildFile; fileRef = 2683C31D2AE2C55600C59DFF /* MediumFrequencyData.swift */; };
		2683C3202AE2C74300C59DFF /* IncomingWearablePacketLegacy.swift in Sources */ = {isa = PBXBuildFile; fileRef = 2683C31F2AE2C74300C59DFF /* IncomingWearablePacketLegacy.swift */; };
		2683C3222AE2C79700C59DFF /* IncomingWearableData.swift in Sources */ = {isa = PBXBuildFile; fileRef = 2683C3212AE2C79700C59DFF /* IncomingWearableData.swift */; };
		2683C3242AE2CBEA00C59DFF /* HighFrequencyData.swift in Sources */ = {isa = PBXBuildFile; fileRef = 2683C3232AE2CBEA00C59DFF /* HighFrequencyData.swift */; };
		2683C3262AE2D29C00C59DFF /* DataTransferError.swift in Sources */ = {isa = PBXBuildFile; fileRef = 2683C3252AE2D29C00C59DFF /* DataTransferError.swift */; };
		268C525A2ACA4AD400977A6C /* FirebaseAuth in Frameworks */ = {isa = PBXBuildFile; productRef = 268C52592ACA4AD400977A6C /* FirebaseAuth */; };
		268C525C2ACA4AD400977A6C /* FirebaseAuthCombine-Community in Frameworks */ = {isa = PBXBuildFile; productRef = 268C525B2ACA4AD400977A6C /* FirebaseAuthCombine-Community */; };
		268C52662ACA4AD400977A6C /* FirebaseFirestore in Frameworks */ = {isa = PBXBuildFile; productRef = 268C52652ACA4AD400977A6C /* FirebaseFirestore */; };
		268C52682ACA4AD400977A6C /* FirebaseFirestoreCombine-Community in Frameworks */ = {isa = PBXBuildFile; productRef = 268C52672ACA4AD400977A6C /* FirebaseFirestoreCombine-Community */; };
		268C526A2ACA4AD400977A6C /* FirebaseFirestoreSwift in Frameworks */ = {isa = PBXBuildFile; productRef = 268C52692ACA4AD400977A6C /* FirebaseFirestoreSwift */; };
		268C52802ACA4AD400977A6C /* FirebaseStorage in Frameworks */ = {isa = PBXBuildFile; productRef = 268C527F2ACA4AD400977A6C /* FirebaseStorage */; };
		268C52822ACA4AD400977A6C /* FirebaseStorageCombine-Community in Frameworks */ = {isa = PBXBuildFile; productRef = 268C52812ACA4AD400977A6C /* FirebaseStorageCombine-Community */; };
		2694B89D2B0BB10C00FB2FA9 /* DeviceDetailView.swift in Sources */ = {isa = PBXBuildFile; fileRef = 2694B89C2B0BB10C00FB2FA9 /* DeviceDetailView.swift */; };
		2694B89F2B0BB56900FB2FA9 /* DeviceDataBrowser.swift in Sources */ = {isa = PBXBuildFile; fileRef = 2694B89E2B0BB56900FB2FA9 /* DeviceDataBrowser.swift */; };
		2694B8A22B0BB7D800FB2FA9 /* QueryStorageDirectoryService.swift in Sources */ = {isa = PBXBuildFile; fileRef = 2694B8A12B0BB7D800FB2FA9 /* QueryStorageDirectoryService.swift */; };
		26986D612B211455009B4A73 /* LiveDataView.swift in Sources */ = {isa = PBXBuildFile; fileRef = 26986D602B211455009B4A73 /* LiveDataView.swift */; };
		269CF49B2AB8D9A900418F46 /* WearableApp.swift in Sources */ = {isa = PBXBuildFile; fileRef = 269CF49A2AB8D9A900418F46 /* WearableApp.swift */; };
		269CF49D2AB8D9A900418F46 /* HomeView.swift in Sources */ = {isa = PBXBuildFile; fileRef = 269CF49C2AB8D9A900418F46 /* HomeView.swift */; };
		269CF49F2AB8D9AC00418F46 /* Assets.xcassets in Resources */ = {isa = PBXBuildFile; fileRef = 269CF49E2AB8D9AC00418F46 /* Assets.xcassets */; };
		269E8F1E2C8CF6C2001B68D7 /* WaypointListener.swift in Sources */ = {isa = PBXBuildFile; fileRef = 269E8F1D2C8CF6C2001B68D7 /* WaypointListener.swift */; };
		269E8F212C8CF830001B68D7 /* WaypointsListView.swift in Sources */ = {isa = PBXBuildFile; fileRef = 269E8F202C8CF830001B68D7 /* WaypointsListView.swift */; };
		26A1B50C2CA613F700DB5C26 /* DisplayHeartRate.swift in Sources */ = {isa = PBXBuildFile; fileRef = 26A1B50B2CA613F400DB5C26 /* DisplayHeartRate.swift */; };
		26B6E85C2BD315000041DEEB /* CookieMonsterViewController.swift in Sources */ = {isa = PBXBuildFile; fileRef = 26B6E85B2BD315000041DEEB /* CookieMonsterViewController.swift */; };
		26BABA492BD871D9004193DF /* BluetoothExtensions.swift in Sources */ = {isa = PBXBuildFile; fileRef = 26BABA482BD871D9004193DF /* BluetoothExtensions.swift */; };
		26BEC1572BAF528600B5E35D /* LiveDataGraph.swift in Sources */ = {isa = PBXBuildFile; fileRef = 26BEC1562BAF528600B5E35D /* LiveDataGraph.swift */; };
		26BEC1592BAF623900B5E35D /* LiveDataViewSingle.swift in Sources */ = {isa = PBXBuildFile; fileRef = 26BEC1582BAF623900B5E35D /* LiveDataViewSingle.swift */; };
		26C2508F2CDDA01D005FC885 /* ZScore.swift in Sources */ = {isa = PBXBuildFile; fileRef = 26C2508E2CDDA01D005FC885 /* ZScore.swift */; };
		26C250912CDDA55E005FC885 /* Esgalhado.swift in Sources */ = {isa = PBXBuildFile; fileRef = 26C250902CDDA55A005FC885 /* Esgalhado.swift */; };
		26D530952AD8800300E4CAFE /* MainMenu.swift in Sources */ = {isa = PBXBuildFile; fileRef = 26D530942AD8800300E4CAFE /* MainMenu.swift */; };
		26D530972AD8875E00E4CAFE /* AuthDeciderView.swift in Sources */ = {isa = PBXBuildFile; fileRef = 26D530962AD8875E00E4CAFE /* AuthDeciderView.swift */; };
		26DEEF342B85760F00A7DEB9 /* CloudDataDayBrowser.swift in Sources */ = {isa = PBXBuildFile; fileRef = 26DEEF332B85760F00A7DEB9 /* CloudDataDayBrowser.swift */; };
		26DEEF362B8576C100A7DEB9 /* LocalDataDayBrowser.swift in Sources */ = {isa = PBXBuildFile; fileRef = 26DEEF352B8576C100A7DEB9 /* LocalDataDayBrowser.swift */; };
		26DEEF382B857A5E00A7DEB9 /* LocalDataCSVRow.swift in Sources */ = {isa = PBXBuildFile; fileRef = 26DEEF372B857A5E00A7DEB9 /* LocalDataCSVRow.swift */; };
		26DEEF3A2B857A7C00A7DEB9 /* CloudDataCSVRow.swift in Sources */ = {isa = PBXBuildFile; fileRef = 26DEEF392B857A7C00A7DEB9 /* CloudDataCSVRow.swift */; };
		26DEEF3C2B858A7500A7DEB9 /* IncomingWearablePacket.swift in Sources */ = {isa = PBXBuildFile; fileRef = 26DEEF3B2B858A7500A7DEB9 /* IncomingWearablePacket.swift */; };
		26DEEF3F2B858AA200A7DEB9 /* SampleData.swift in Sources */ = {isa = PBXBuildFile; fileRef = 26DEEF3E2B858AA200A7DEB9 /* SampleData.swift */; };
		26DEEF412B858B2600A7DEB9 /* IncomingDataBuffer.swift in Sources */ = {isa = PBXBuildFile; fileRef = 26DEEF402B858B2600A7DEB9 /* IncomingDataBuffer.swift */; };
		26DF8BA02ACF724B0077F316 /* FirebaseDeviceDataUploaderService.swift in Sources */ = {isa = PBXBuildFile; fileRef = 26DF8B9F2ACF724B0077F316 /* FirebaseDeviceDataUploaderService.swift */; };
		26E189722BD2A6B100F6F6E1 /* GoogleService-Info.plist in Resources */ = {isa = PBXBuildFile; fileRef = 26E189712BD2A6B100F6F6E1 /* GoogleService-Info.plist */; };
		26E189742BD2AF1700F6F6E1 /* APIManager.swift in Sources */ = {isa = PBXBuildFile; fileRef = 26E189732BD2AF1700F6F6E1 /* APIManager.swift */; };
		26E189762BD2F24100F6F6E1 /* CookieMonster.swift in Sources */ = {isa = PBXBuildFile; fileRef = 26E189752BD2F24100F6F6E1 /* CookieMonster.swift */; };
		26E495652CAB03A10030AF2C /* ConfigureHeartRateView.swift in Sources */ = {isa = PBXBuildFile; fileRef = 26E495642CAB039D0030AF2C /* ConfigureHeartRateView.swift */; };
		26E495672CAB17770030AF2C /* NumericalRow.swift in Sources */ = {isa = PBXBuildFile; fileRef = 26E495662CAB17770030AF2C /* NumericalRow.swift */; };
		26EB8E0D2C9B4AAF00B873BB /* LiveDataRowLabel.swift in Sources */ = {isa = PBXBuildFile; fileRef = 26EB8E0C2C9B4AAD00B873BB /* LiveDataRowLabel.swift */; };
		26EC49862C9B659B001F1765 /* HeartRateView.swift in Sources */ = {isa = PBXBuildFile; fileRef = 26EC49852C9B659B001F1765 /* HeartRateView.swift */; };
		26EC49892C9C76A4001F1765 /* HeartRateAnalysis.swift in Sources */ = {isa = PBXBuildFile; fileRef = 26EC49882C9C76A0001F1765 /* HeartRateAnalysis.swift */; };
		26EF25B32CD1916500BF4CE0 /* Notifications.extensions.swift in Sources */ = {isa = PBXBuildFile; fileRef = 26EF25B22CD1916200BF4CE0 /* Notifications.extensions.swift */; };
		26F28D7E2B0534D300082572 /* BLEModel.swift in Sources */ = {isa = PBXBuildFile; fileRef = 26F28D7D2B0534D300082572 /* BLEModel.swift */; };
		26F28D802B05490E00082572 /* PairedPeripheral.swift in Sources */ = {isa = PBXBuildFile; fileRef = 26F28D7F2B05490E00082572 /* PairedPeripheral.swift */; };
		26F28D852B05548F00082572 /* AsyncBluetooth in Frameworks */ = {isa = PBXBuildFile; productRef = 26F28D842B05548F00082572 /* AsyncBluetooth */; };
		26FEE4F22BC89A3C0015CCF3 /* Config.xcconfig in Resources */ = {isa = PBXBuildFile; fileRef = 26FEE4F12BC89A3C0015CCF3 /* Config.xcconfig */; };
		26FEE4F72BC8B1B50015CCF3 /* LoginWebView.swift in Sources */ = {isa = PBXBuildFile; fileRef = 26FEE4F62BC8B1B40015CCF3 /* LoginWebView.swift */; };
		645514602AFD5F3800775DE3 /* RadioButtonStyle.swift in Sources */ = {isa = PBXBuildFile; fileRef = 6455145F2AFD5F3800775DE3 /* RadioButtonStyle.swift */; };
		64B963772ACBD66F00EDCBD7 /* SettingsView.swift in Sources */ = {isa = PBXBuildFile; fileRef = 64B963762ACBD66F00EDCBD7 /* SettingsView.swift */; };
		64B963792ACBD6C300EDCBD7 /* SelfReportView.swift in Sources */ = {isa = PBXBuildFile; fileRef = 64B963782ACBD6C300EDCBD7 /* SelfReportView.swift */; };
		64B9637B2ACBD6DC00EDCBD7 /* DevicesView.swift in Sources */ = {isa = PBXBuildFile; fileRef = 64B9637A2ACBD6DC00EDCBD7 /* DevicesView.swift */; };
		64B9637D2ACBD6FB00EDCBD7 /* HelpView.swift in Sources */ = {isa = PBXBuildFile; fileRef = 64B9637C2ACBD6FB00EDCBD7 /* HelpView.swift */; };
		64B9637F2ACC94A900EDCBD7 /* MenuTestView.swift in Sources */ = {isa = PBXBuildFile; fileRef = 64B9637E2ACC94A900EDCBD7 /* MenuTestView.swift */; };
		64C302B12AE8799A00E8B0A3 /* CheckboxToggleStyle.swift in Sources */ = {isa = PBXBuildFile; fileRef = 64C302B02AE8799A00E8B0A3 /* CheckboxToggleStyle.swift */; };
		64C302B32AE885F600E8B0A3 /* ReportUploaderService.swift in Sources */ = {isa = PBXBuildFile; fileRef = 64C302B22AE885F600E8B0A3 /* ReportUploaderService.swift */; };
		6A0395E52AD4AF410089EBC1 /* MainTabView.swift in Sources */ = {isa = PBXBuildFile; fileRef = 6A0395E42AD4AF410089EBC1 /* MainTabView.swift */; };
		6AD31FCE2AD48CEB00043ACA /* AuthViewModel.swift in Sources */ = {isa = PBXBuildFile; fileRef = 6AD31FCD2AD48CEB00043ACA /* AuthViewModel.swift */; };
		7B6F1C682C90FC7E0016E796 /* NotificationModel.swift in Sources */ = {isa = PBXBuildFile; fileRef = 7B6F1C672C90FC7E0016E796 /* NotificationModel.swift */; };
/* End PBXBuildFile section */

/* Begin PBXFileReference section */
		260480372CBAC7440060A4D2 /* Array.extensions.swift */ = {isa = PBXFileReference; lastKnownFileType = sourcecode.swift; path = Array.extensions.swift; sourceTree = "<group>"; };
		2604803A2CBAE2E60060A4D2 /* HeartRateViewModel.swift */ = {isa = PBXFileReference; lastKnownFileType = sourcecode.swift; path = HeartRateViewModel.swift; sourceTree = "<group>"; };
		2604803C2CBAEBD80060A4D2 /* HeartRateTestingUtils.swift */ = {isa = PBXFileReference; lastKnownFileType = sourcecode.swift; path = HeartRateTestingUtils.swift; sourceTree = "<group>"; };
		2604803E2CBB05C10060A4D2 /* PPGChartView.swift */ = {isa = PBXFileReference; lastKnownFileType = sourcecode.swift; path = PPGChartView.swift; sourceTree = "<group>"; };
		260480402CBB12CA0060A4D2 /* HeartRateChartView.swift */ = {isa = PBXFileReference; lastKnownFileType = sourcecode.swift; path = HeartRateChartView.swift; sourceTree = "<group>"; };
		260480422CBB133C0060A4D2 /* HeartRateChannelSelectorView.swift */ = {isa = PBXFileReference; lastKnownFileType = sourcecode.swift; path = HeartRateChannelSelectorView.swift; sourceTree = "<group>"; };
		260A726E2AE1E7D3005FC26B /* LowFrequencyData.swift */ = {isa = PBXFileReference; lastKnownFileType = sourcecode.swift; path = LowFrequencyData.swift; sourceTree = "<group>"; };
		260A72702AE1E7E6005FC26B /* Data.extensions.swift */ = {isa = PBXFileReference; lastKnownFileType = sourcecode.swift; path = Data.extensions.swift; sourceTree = "<group>"; };
		260CAFAE2C910EED001F92A6 /* Date.extensions.swift */ = {isa = PBXFileReference; lastKnownFileType = sourcecode.swift; path = Date.extensions.swift; sourceTree = "<group>"; };
		261570622ABF8E280035975E /* Info.plist */ = {isa = PBXFileReference; lastKnownFileType = text.plist; path = Info.plist; sourceTree = "<group>"; };
		262057F22B60864A00FCDEA6 /* PairedDeviceRow.swift */ = {isa = PBXFileReference; lastKnownFileType = sourcecode.swift; path = PairedDeviceRow.swift; sourceTree = "<group>"; };
		262057F42B608A6F00FCDEA6 /* DeviceBatteryListener.swift */ = {isa = PBXFileReference; lastKnownFileType = sourcecode.swift; path = DeviceBatteryListener.swift; sourceTree = "<group>"; };
		262239192BE0695E00CCE954 /* README.md */ = {isa = PBXFileReference; lastKnownFileType = net.daringfireball.markdown; path = README.md; sourceTree = "<group>"; };
		2627856F2B043F8E0077E3FC /* FloatingButton.swift */ = {isa = PBXFileReference; lastKnownFileType = sourcecode.swift; path = FloatingButton.swift; sourceTree = "<group>"; };
		262785712B0442820077E3FC /* AddDeviceView.swift */ = {isa = PBXFileReference; lastKnownFileType = sourcecode.swift; path = AddDeviceView.swift; sourceTree = "<group>"; };
		2640B69E2ABB2D9E002E1DD2 /* BluetoothTestView.swift */ = {isa = PBXFileReference; lastKnownFileType = sourcecode.swift; path = BluetoothTestView.swift; sourceTree = "<group>"; };
		2640B6A02ABB639F002E1DD2 /* BluetoothTestPeripheralView.swift */ = {isa = PBXFileReference; lastKnownFileType = sourcecode.swift; path = BluetoothTestPeripheralView.swift; sourceTree = "<group>"; };
		2661E53E2CE187D3008BCD96 /* PairedPeripheralManager.swift */ = {isa = PBXFileReference; lastKnownFileType = sourcecode.swift; path = PairedPeripheralManager.swift; sourceTree = "<group>"; };
		266283E82B06A85400512992 /* BLEModel-Peripheral.swift */ = {isa = PBXFileReference; lastKnownFileType = sourcecode.swift; path = "BLEModel-Peripheral.swift"; sourceTree = "<group>"; };
		266358EE2B84EDA1005C5C18 /* LocalDeviceDataManagerService.swift */ = {isa = PBXFileReference; lastKnownFileType = sourcecode.swift; path = LocalDeviceDataManagerService.swift; sourceTree = "<group>"; };
		266D038A2CAF5659003E6E44 /* LivePPGData.swift */ = {isa = PBXFileReference; lastKnownFileType = sourcecode.swift; path = LivePPGData.swift; sourceTree = "<group>"; };
		267022692B843BC3002A7EAC /* NewDevicePairedService.swift */ = {isa = PBXFileReference; lastKnownFileType = sourcecode.swift; path = NewDevicePairedService.swift; sourceTree = "<group>"; };
		2672ED882B16B7E200D70BB8 /* TextFieldForm.swift */ = {isa = PBXFileReference; lastKnownFileType = sourcecode.swift; path = TextFieldForm.swift; sourceTree = "<group>"; };
		267D61022AE5DA2400BEF799 /* CSVDataRow.swift */ = {isa = PBXFileReference; lastKnownFileType = sourcecode.swift; path = CSVDataRow.swift; sourceTree = "<group>"; };
		267D61042AE5DBB300BEF799 /* CSVBuffer.swift */ = {isa = PBXFileReference; lastKnownFileType = sourcecode.swift; path = CSVBuffer.swift; sourceTree = "<group>"; };
		26809ED42AD5FB4100A89803 /* CBUUIDs.swift */ = {isa = PBXFileReference; lastKnownFileType = sourcecode.swift; path = CBUUIDs.swift; sourceTree = "<group>"; };
		26834A732CB8B1B3003D713E /* FileHandleTest.swift */ = {isa = PBXFileReference; lastKnownFileType = sourcecode.swift; path = FileHandleTest.swift; sourceTree = "<group>"; };
		2683C31D2AE2C55600C59DFF /* MediumFrequencyData.swift */ = {isa = PBXFileReference; lastKnownFileType = sourcecode.swift; path = MediumFrequencyData.swift; sourceTree = "<group>"; };
		2683C31F2AE2C74300C59DFF /* IncomingWearablePacketLegacy.swift */ = {isa = PBXFileReference; lastKnownFileType = sourcecode.swift; path = IncomingWearablePacketLegacy.swift; sourceTree = "<group>"; };
		2683C3212AE2C79700C59DFF /* IncomingWearableData.swift */ = {isa = PBXFileReference; lastKnownFileType = sourcecode.swift; path = IncomingWearableData.swift; sourceTree = "<group>"; };
		2683C3232AE2CBEA00C59DFF /* HighFrequencyData.swift */ = {isa = PBXFileReference; lastKnownFileType = sourcecode.swift; path = HighFrequencyData.swift; sourceTree = "<group>"; };
		2683C3252AE2D29C00C59DFF /* DataTransferError.swift */ = {isa = PBXFileReference; lastKnownFileType = sourcecode.swift; path = DataTransferError.swift; sourceTree = "<group>"; };
		2694B89C2B0BB10C00FB2FA9 /* DeviceDetailView.swift */ = {isa = PBXFileReference; lastKnownFileType = sourcecode.swift; path = DeviceDetailView.swift; sourceTree = "<group>"; };
		2694B89E2B0BB56900FB2FA9 /* DeviceDataBrowser.swift */ = {isa = PBXFileReference; lastKnownFileType = sourcecode.swift; path = DeviceDataBrowser.swift; sourceTree = "<group>"; };
		2694B8A12B0BB7D800FB2FA9 /* QueryStorageDirectoryService.swift */ = {isa = PBXFileReference; lastKnownFileType = sourcecode.swift; path = QueryStorageDirectoryService.swift; sourceTree = "<group>"; };
		26986D602B211455009B4A73 /* LiveDataView.swift */ = {isa = PBXFileReference; lastKnownFileType = sourcecode.swift; path = LiveDataView.swift; sourceTree = "<group>"; };
		269CF4972AB8D9A900418F46 /* wearable-ios.app */ = {isa = PBXFileReference; explicitFileType = wrapper.application; includeInIndex = 0; path = "wearable-ios.app"; sourceTree = BUILT_PRODUCTS_DIR; };
		269CF49A2AB8D9A900418F46 /* WearableApp.swift */ = {isa = PBXFileReference; lastKnownFileType = sourcecode.swift; path = WearableApp.swift; sourceTree = "<group>"; };
		269CF49C2AB8D9A900418F46 /* HomeView.swift */ = {isa = PBXFileReference; lastKnownFileType = sourcecode.swift; path = HomeView.swift; sourceTree = "<group>"; };
		269CF49E2AB8D9AC00418F46 /* Assets.xcassets */ = {isa = PBXFileReference; lastKnownFileType = folder.assetcatalog; path = Assets.xcassets; sourceTree = "<group>"; };
		269E8F1D2C8CF6C2001B68D7 /* WaypointListener.swift */ = {isa = PBXFileReference; lastKnownFileType = sourcecode.swift; path = WaypointListener.swift; sourceTree = "<group>"; };
		269E8F202C8CF830001B68D7 /* WaypointsListView.swift */ = {isa = PBXFileReference; lastKnownFileType = sourcecode.swift; path = WaypointsListView.swift; sourceTree = "<group>"; };
		26A1B50B2CA613F400DB5C26 /* DisplayHeartRate.swift */ = {isa = PBXFileReference; lastKnownFileType = sourcecode.swift; path = DisplayHeartRate.swift; sourceTree = "<group>"; };
		26B6E85B2BD315000041DEEB /* CookieMonsterViewController.swift */ = {isa = PBXFileReference; lastKnownFileType = sourcecode.swift; path = CookieMonsterViewController.swift; sourceTree = "<group>"; };
		26BABA482BD871D9004193DF /* BluetoothExtensions.swift */ = {isa = PBXFileReference; lastKnownFileType = sourcecode.swift; path = BluetoothExtensions.swift; sourceTree = "<group>"; };
		26BEC1562BAF528600B5E35D /* LiveDataGraph.swift */ = {isa = PBXFileReference; lastKnownFileType = sourcecode.swift; path = LiveDataGraph.swift; sourceTree = "<group>"; };
		26BEC1582BAF623900B5E35D /* LiveDataViewSingle.swift */ = {isa = PBXFileReference; lastKnownFileType = sourcecode.swift; path = LiveDataViewSingle.swift; sourceTree = "<group>"; };
		26C2508E2CDDA01D005FC885 /* ZScore.swift */ = {isa = PBXFileReference; lastKnownFileType = sourcecode.swift; path = ZScore.swift; sourceTree = "<group>"; };
		26C250902CDDA55A005FC885 /* Esgalhado.swift */ = {isa = PBXFileReference; lastKnownFileType = sourcecode.swift; path = Esgalhado.swift; sourceTree = "<group>"; };
		26D530942AD8800300E4CAFE /* MainMenu.swift */ = {isa = PBXFileReference; lastKnownFileType = sourcecode.swift; path = MainMenu.swift; sourceTree = "<group>"; };
		26D530962AD8875E00E4CAFE /* AuthDeciderView.swift */ = {isa = PBXFileReference; lastKnownFileType = sourcecode.swift; path = AuthDeciderView.swift; sourceTree = "<group>"; };
		26DEEF332B85760F00A7DEB9 /* CloudDataDayBrowser.swift */ = {isa = PBXFileReference; lastKnownFileType = sourcecode.swift; path = CloudDataDayBrowser.swift; sourceTree = "<group>"; };
		26DEEF352B8576C100A7DEB9 /* LocalDataDayBrowser.swift */ = {isa = PBXFileReference; lastKnownFileType = sourcecode.swift; path = LocalDataDayBrowser.swift; sourceTree = "<group>"; };
		26DEEF372B857A5E00A7DEB9 /* LocalDataCSVRow.swift */ = {isa = PBXFileReference; lastKnownFileType = sourcecode.swift; path = LocalDataCSVRow.swift; sourceTree = "<group>"; };
		26DEEF392B857A7C00A7DEB9 /* CloudDataCSVRow.swift */ = {isa = PBXFileReference; lastKnownFileType = sourcecode.swift; path = CloudDataCSVRow.swift; sourceTree = "<group>"; };
		26DEEF3B2B858A7500A7DEB9 /* IncomingWearablePacket.swift */ = {isa = PBXFileReference; lastKnownFileType = sourcecode.swift; path = IncomingWearablePacket.swift; sourceTree = "<group>"; };
		26DEEF3E2B858AA200A7DEB9 /* SampleData.swift */ = {isa = PBXFileReference; lastKnownFileType = sourcecode.swift; path = SampleData.swift; sourceTree = "<group>"; };
		26DEEF402B858B2600A7DEB9 /* IncomingDataBuffer.swift */ = {isa = PBXFileReference; lastKnownFileType = sourcecode.swift; path = IncomingDataBuffer.swift; sourceTree = "<group>"; };
		26DF8B9F2ACF724B0077F316 /* FirebaseDeviceDataUploaderService.swift */ = {isa = PBXFileReference; lastKnownFileType = sourcecode.swift; path = FirebaseDeviceDataUploaderService.swift; sourceTree = "<group>"; };
		26E189712BD2A6B100F6F6E1 /* GoogleService-Info.plist */ = {isa = PBXFileReference; fileEncoding = 4; lastKnownFileType = text.plist.xml; path = "GoogleService-Info.plist"; sourceTree = "<group>"; };
		26E189732BD2AF1700F6F6E1 /* APIManager.swift */ = {isa = PBXFileReference; lastKnownFileType = sourcecode.swift; path = APIManager.swift; sourceTree = "<group>"; };
		26E189752BD2F24100F6F6E1 /* CookieMonster.swift */ = {isa = PBXFileReference; lastKnownFileType = sourcecode.swift; path = CookieMonster.swift; sourceTree = "<group>"; };
		26E495642CAB039D0030AF2C /* ConfigureHeartRateView.swift */ = {isa = PBXFileReference; lastKnownFileType = sourcecode.swift; path = ConfigureHeartRateView.swift; sourceTree = "<group>"; };
		26E495662CAB17770030AF2C /* NumericalRow.swift */ = {isa = PBXFileReference; lastKnownFileType = sourcecode.swift; path = NumericalRow.swift; sourceTree = "<group>"; };
		26EB8E0C2C9B4AAD00B873BB /* LiveDataRowLabel.swift */ = {isa = PBXFileReference; lastKnownFileType = sourcecode.swift; path = LiveDataRowLabel.swift; sourceTree = "<group>"; };
		26EC49852C9B659B001F1765 /* HeartRateView.swift */ = {isa = PBXFileReference; lastKnownFileType = sourcecode.swift; path = HeartRateView.swift; sourceTree = "<group>"; };
		26EC49882C9C76A0001F1765 /* HeartRateAnalysis.swift */ = {isa = PBXFileReference; lastKnownFileType = sourcecode.swift; path = HeartRateAnalysis.swift; sourceTree = "<group>"; };
		26EF25B22CD1916200BF4CE0 /* Notifications.extensions.swift */ = {isa = PBXFileReference; lastKnownFileType = sourcecode.swift; path = Notifications.extensions.swift; sourceTree = "<group>"; };
		26F28D7D2B0534D300082572 /* BLEModel.swift */ = {isa = PBXFileReference; lastKnownFileType = sourcecode.swift; path = BLEModel.swift; sourceTree = "<group>"; };
		26F28D7F2B05490E00082572 /* PairedPeripheral.swift */ = {isa = PBXFileReference; lastKnownFileType = sourcecode.swift; path = PairedPeripheral.swift; sourceTree = "<group>"; };
		26FEE4F12BC89A3C0015CCF3 /* Config.xcconfig */ = {isa = PBXFileReference; lastKnownFileType = text.xcconfig; path = Config.xcconfig; sourceTree = "<group>"; };
		26FEE4F32BC89B340015CCF3 /* version.sh */ = {isa = PBXFileReference; lastKnownFileType = text.script.sh; path = version.sh; sourceTree = "<group>"; };
		26FEE4F62BC8B1B40015CCF3 /* LoginWebView.swift */ = {isa = PBXFileReference; fileEncoding = 4; lastKnownFileType = sourcecode.swift; path = LoginWebView.swift; sourceTree = "<group>"; };
		6455145F2AFD5F3800775DE3 /* RadioButtonStyle.swift */ = {isa = PBXFileReference; lastKnownFileType = sourcecode.swift; path = RadioButtonStyle.swift; sourceTree = "<group>"; };
		64B963762ACBD66F00EDCBD7 /* SettingsView.swift */ = {isa = PBXFileReference; lastKnownFileType = sourcecode.swift; path = SettingsView.swift; sourceTree = "<group>"; };
		64B963782ACBD6C300EDCBD7 /* SelfReportView.swift */ = {isa = PBXFileReference; lastKnownFileType = sourcecode.swift; path = SelfReportView.swift; sourceTree = "<group>"; };
		64B9637A2ACBD6DC00EDCBD7 /* DevicesView.swift */ = {isa = PBXFileReference; lastKnownFileType = sourcecode.swift; path = DevicesView.swift; sourceTree = "<group>"; };
		64B9637C2ACBD6FB00EDCBD7 /* HelpView.swift */ = {isa = PBXFileReference; lastKnownFileType = sourcecode.swift; path = HelpView.swift; sourceTree = "<group>"; };
		64B9637E2ACC94A900EDCBD7 /* MenuTestView.swift */ = {isa = PBXFileReference; lastKnownFileType = sourcecode.swift; path = MenuTestView.swift; sourceTree = "<group>"; };
		64C302B02AE8799A00E8B0A3 /* CheckboxToggleStyle.swift */ = {isa = PBXFileReference; lastKnownFileType = sourcecode.swift; path = CheckboxToggleStyle.swift; sourceTree = "<group>"; };
		64C302B22AE885F600E8B0A3 /* ReportUploaderService.swift */ = {isa = PBXFileReference; lastKnownFileType = sourcecode.swift; path = ReportUploaderService.swift; sourceTree = "<group>"; };
		6A0395E42AD4AF410089EBC1 /* MainTabView.swift */ = {isa = PBXFileReference; lastKnownFileType = sourcecode.swift; path = MainTabView.swift; sourceTree = "<group>"; };
		6AD31FCD2AD48CEB00043ACA /* AuthViewModel.swift */ = {isa = PBXFileReference; lastKnownFileType = sourcecode.swift; path = AuthViewModel.swift; sourceTree = "<group>"; };
		7B6F1C672C90FC7E0016E796 /* NotificationModel.swift */ = {isa = PBXFileReference; lastKnownFileType = sourcecode.swift; path = NotificationModel.swift; sourceTree = "<group>"; };
/* End PBXFileReference section */

/* Begin PBXFrameworksBuildPhase section */
		269CF4942AB8D9A900418F46 /* Frameworks */ = {
			isa = PBXFrameworksBuildPhase;
			buildActionMask = 2147483647;
			files = (
				268C52682ACA4AD400977A6C /* FirebaseFirestoreCombine-Community in Frameworks */,
				268C52802ACA4AD400977A6C /* FirebaseStorage in Frameworks */,
				26F28D852B05548F00082572 /* AsyncBluetooth in Frameworks */,
				268C52662ACA4AD400977A6C /* FirebaseFirestore in Frameworks */,
				268C52822ACA4AD400977A6C /* FirebaseStorageCombine-Community in Frameworks */,
				268C525C2ACA4AD400977A6C /* FirebaseAuthCombine-Community in Frameworks */,
				268C525A2ACA4AD400977A6C /* FirebaseAuth in Frameworks */,
				268C526A2ACA4AD400977A6C /* FirebaseFirestoreSwift in Frameworks */,
			);
			runOnlyForDeploymentPostprocessing = 0;
		};
/* End PBXFrameworksBuildPhase section */

/* Begin PBXGroup section */
		260480392CBACD330060A4D2 /* HeartRate */ = {
			isa = PBXGroup;
			children = (
				2604803E2CBB05C10060A4D2 /* PPGChartView.swift */,
				26E495642CAB039D0030AF2C /* ConfigureHeartRateView.swift */,
				26A1B50B2CA613F400DB5C26 /* DisplayHeartRate.swift */,
				26EC49852C9B659B001F1765 /* HeartRateView.swift */,
				260480402CBB12CA0060A4D2 /* HeartRateChartView.swift */,
				260480422CBB133C0060A4D2 /* HeartRateChannelSelectorView.swift */,
			);
			path = HeartRate;
			sourceTree = "<group>";
		};
		260700572B0C133200557D44 /* Firebase */ = {
			isa = PBXGroup;
			children = (
				2694B8A12B0BB7D800FB2FA9 /* QueryStorageDirectoryService.swift */,
				26DF8B9F2ACF724B0077F316 /* FirebaseDeviceDataUploaderService.swift */,
				64C302B22AE885F600E8B0A3 /* ReportUploaderService.swift */,
				262057F42B608A6F00FCDEA6 /* DeviceBatteryListener.swift */,
				267022692B843BC3002A7EAC /* NewDevicePairedService.swift */,
				269E8F1D2C8CF6C2001B68D7 /* WaypointListener.swift */,
			);
			path = Firebase;
			sourceTree = "<group>";
		};
		260700582B0C150F00557D44 /* Devices */ = {
			isa = PBXGroup;
			children = (
				64B9637A2ACBD6DC00EDCBD7 /* DevicesView.swift */,
				262785712B0442820077E3FC /* AddDeviceView.swift */,
				2694B89C2B0BB10C00FB2FA9 /* DeviceDetailView.swift */,
				26DEEF2E2B85757D00A7DEB9 /* DeviceDataBrowser */,
				262057F22B60864A00FCDEA6 /* PairedDeviceRow.swift */,
			);
			path = Devices;
			sourceTree = "<group>";
		};
		260A726D2AE1E7B1005FC26B /* DataTransferModels */ = {
			isa = PBXGroup;
			children = (
				26DEEF3E2B858AA200A7DEB9 /* SampleData.swift */,
				2683C3252AE2D29C00C59DFF /* DataTransferError.swift */,
				26DEEF3B2B858A7500A7DEB9 /* IncomingWearablePacket.swift */,
			);
			path = DataTransferModels;
			sourceTree = "<group>";
		};
		2622391A2BE070D700CCE954 /* Live Data */ = {
			isa = PBXGroup;
			children = (
				260480392CBACD330060A4D2 /* HeartRate */,
				26EB8E0C2C9B4AAD00B873BB /* LiveDataRowLabel.swift */,
				26BEC1582BAF623900B5E35D /* LiveDataViewSingle.swift */,
				26BEC1562BAF528600B5E35D /* LiveDataGraph.swift */,
				26986D602B211455009B4A73 /* LiveDataView.swift */,
			);
			path = "Live Data";
			sourceTree = "<group>";
		};
		2627856E2B043F810077E3FC /* ResuableComponents */ = {
			isa = PBXGroup;
			children = (
				64C302B02AE8799A00E8B0A3 /* CheckboxToggleStyle.swift */,
				6455145F2AFD5F3800775DE3 /* RadioButtonStyle.swift */,
				2672ED882B16B7E200D70BB8 /* TextFieldForm.swift */,
				2627856F2B043F8E0077E3FC /* FloatingButton.swift */,
				26E189752BD2F24100F6F6E1 /* CookieMonster.swift */,
				26B6E85B2BD315000041DEEB /* CookieMonsterViewController.swift */,
				26E495662CAB17770030AF2C /* NumericalRow.swift */,
			);
			path = ResuableComponents;
			sourceTree = "<group>";
		};
		266358ED2B84ED86005C5C18 /* FileManagement */ = {
			isa = PBXGroup;
			children = (
				266358EE2B84EDA1005C5C18 /* LocalDeviceDataManagerService.swift */,
			);
			path = FileManagement;
			sourceTree = "<group>";
		};
		266C83AF2B69BD3900803B0A /* Testing-Debug-Legacy */ = {
			isa = PBXGroup;
			children = (
				2604803C2CBAEBD80060A4D2 /* HeartRateTestingUtils.swift */,
				2683C31F2AE2C74300C59DFF /* IncomingWearablePacketLegacy.swift */,
				260A726E2AE1E7D3005FC26B /* LowFrequencyData.swift */,
				2683C31D2AE2C55600C59DFF /* MediumFrequencyData.swift */,
				2683C3232AE2CBEA00C59DFF /* HighFrequencyData.swift */,
				267D61042AE5DBB300BEF799 /* CSVBuffer.swift */,
				267D61022AE5DA2400BEF799 /* CSVDataRow.swift */,
				2640B6A02ABB639F002E1DD2 /* BluetoothTestPeripheralView.swift */,
				2640B69E2ABB2D9E002E1DD2 /* BluetoothTestView.swift */,
				2683C3212AE2C79700C59DFF /* IncomingWearableData.swift */,
				26D530942AD8800300E4CAFE /* MainMenu.swift */,
				64B9637E2ACC94A900EDCBD7 /* MenuTestView.swift */,
				26834A732CB8B1B3003D713E /* FileHandleTest.swift */,
			);
			path = "Testing-Debug-Legacy";
			sourceTree = "<group>";
		};
		2672ED8B2B16E5CB00D70BB8 /* Extensions */ = {
			isa = PBXGroup;
			children = (
				26EF25B22CD1916200BF4CE0 /* Notifications.extensions.swift */,
				260480372CBAC7440060A4D2 /* Array.extensions.swift */,
				260A72702AE1E7E6005FC26B /* Data.extensions.swift */,
				260CAFAE2C910EED001F92A6 /* Date.extensions.swift */,
			);
			path = Extensions;
			sourceTree = "<group>";
		};
		26809ED32AD5FB3700A89803 /* Bluetooth */ = {
			isa = PBXGroup;
			children = (
				260A726D2AE1E7B1005FC26B /* DataTransferModels */,
				26809ED42AD5FB4100A89803 /* CBUUIDs.swift */,
				26F28D7D2B0534D300082572 /* BLEModel.swift */,
				266283E82B06A85400512992 /* BLEModel-Peripheral.swift */,
				26DEEF402B858B2600A7DEB9 /* IncomingDataBuffer.swift */,
				2661E53E2CE187D3008BCD96 /* PairedPeripheralManager.swift */,
				26F28D7F2B05490E00082572 /* PairedPeripheral.swift */,
				26BABA482BD871D9004193DF /* BluetoothExtensions.swift */,
			);
			path = Bluetooth;
			sourceTree = "<group>";
		};
		269CF48E2AB8D9A900418F46 = {
			isa = PBXGroup;
			children = (
				262239192BE0695E00CCE954 /* README.md */,
				26FEE4F12BC89A3C0015CCF3 /* Config.xcconfig */,
				269CF4992AB8D9A900418F46 /* wearable-ios */,
				269CF4982AB8D9A900418F46 /* Products */,
				6AD31FD12AD4AB4800043ACA /* Frameworks */,
			);
			sourceTree = "<group>";
		};
		269CF4982AB8D9A900418F46 /* Products */ = {
			isa = PBXGroup;
			children = (
				269CF4972AB8D9A900418F46 /* wearable-ios.app */,
			);
			name = Products;
			sourceTree = "<group>";
		};
		269CF4992AB8D9A900418F46 /* wearable-ios */ = {
			isa = PBXGroup;
			children = (
				261570622ABF8E280035975E /* Info.plist */,
				26E189712BD2A6B100F6F6E1 /* GoogleService-Info.plist */,
				26FEE4F32BC89B340015CCF3 /* version.sh */,
				269CF49A2AB8D9A900418F46 /* WearableApp.swift */,
				266C83AF2B69BD3900803B0A /* Testing-Debug-Legacy */,
				26DF8B9E2ACF72390077F316 /* Services */,
				64B963752ACBD63E00EDCBD7 /* Interfaces */,
				269CF49E2AB8D9AC00418F46 /* Assets.xcassets */,
			);
			path = "wearable-ios";
			sourceTree = "<group>";
		};
		269E8F1F2C8CF815001B68D7 /* Self Report */ = {
			isa = PBXGroup;
			children = (
				64B963782ACBD6C300EDCBD7 /* SelfReportView.swift */,
				269E8F202C8CF830001B68D7 /* WaypointsListView.swift */,
			);
			path = "Self Report";
			sourceTree = "<group>";
		};
		26DEEF2E2B85757D00A7DEB9 /* DeviceDataBrowser */ = {
			isa = PBXGroup;
			children = (
				26DEEF322B8575BD00A7DEB9 /* Local */,
				26DEEF312B8575B800A7DEB9 /* Cloud */,
				2694B89E2B0BB56900FB2FA9 /* DeviceDataBrowser.swift */,
			);
			path = DeviceDataBrowser;
			sourceTree = "<group>";
		};
		26DEEF312B8575B800A7DEB9 /* Cloud */ = {
			isa = PBXGroup;
			children = (
				26DEEF332B85760F00A7DEB9 /* CloudDataDayBrowser.swift */,
				26DEEF392B857A7C00A7DEB9 /* CloudDataCSVRow.swift */,
			);
			path = Cloud;
			sourceTree = "<group>";
		};
		26DEEF322B8575BD00A7DEB9 /* Local */ = {
			isa = PBXGroup;
			children = (
				26DEEF352B8576C100A7DEB9 /* LocalDataDayBrowser.swift */,
				26DEEF372B857A5E00A7DEB9 /* LocalDataCSVRow.swift */,
			);
			path = Local;
			sourceTree = "<group>";
		};
		26DF8B9E2ACF72390077F316 /* Services */ = {
			isa = PBXGroup;
			children = (
				7B6F1C642C90F6440016E796 /* Local Notifications */,
				2672ED8B2B16E5CB00D70BB8 /* Extensions */,
				260700572B0C133200557D44 /* Firebase */,
				266358ED2B84ED86005C5C18 /* FileManagement */,
				26809ED32AD5FB3700A89803 /* Bluetooth */,
				26EC49872C9C762B001F1765 /* DataAnalysis */,
				26E189732BD2AF1700F6F6E1 /* APIManager.swift */,
				6AD31FCD2AD48CEB00043ACA /* AuthViewModel.swift */,
			);
			path = Services;
			sourceTree = "<group>";
		};
		26EC49872C9C762B001F1765 /* DataAnalysis */ = {
			isa = PBXGroup;
			children = (
				26C250902CDDA55A005FC885 /* Esgalhado.swift */,
				2604803A2CBAE2E60060A4D2 /* HeartRateViewModel.swift */,
				266D038A2CAF5659003E6E44 /* LivePPGData.swift */,
				26EC49882C9C76A0001F1765 /* HeartRateAnalysis.swift */,
				26C2508E2CDDA01D005FC885 /* ZScore.swift */,
			);
			path = DataAnalysis;
			sourceTree = "<group>";
		};
		64B963752ACBD63E00EDCBD7 /* Interfaces */ = {
			isa = PBXGroup;
			children = (
				2627856E2B043F810077E3FC /* ResuableComponents */,
				26D530962AD8875E00E4CAFE /* AuthDeciderView.swift */,
				26FEE4F62BC8B1B40015CCF3 /* LoginWebView.swift */,
				6A0395E42AD4AF410089EBC1 /* MainTabView.swift */,
				269CF49C2AB8D9A900418F46 /* HomeView.swift */,
				2622391A2BE070D700CCE954 /* Live Data */,
				269E8F1F2C8CF815001B68D7 /* Self Report */,
				260700582B0C150F00557D44 /* Devices */,
				64B9637C2ACBD6FB00EDCBD7 /* HelpView.swift */,
				64B963762ACBD66F00EDCBD7 /* SettingsView.swift */,
			);
			path = Interfaces;
			sourceTree = "<group>";
		};
		6AD31FD12AD4AB4800043ACA /* Frameworks */ = {
			isa = PBXGroup;
			children = (
			);
			name = Frameworks;
			sourceTree = "<group>";
		};
		7B6F1C642C90F6440016E796 /* Local Notifications */ = {
			isa = PBXGroup;
			children = (
				7B6F1C672C90FC7E0016E796 /* NotificationModel.swift */,
			);
			path = "Local Notifications";
			sourceTree = "<group>";
		};
/* End PBXGroup section */

/* Begin PBXNativeTarget section */
		269CF4962AB8D9A900418F46 /* wearable-ios */ = {
			isa = PBXNativeTarget;
			buildConfigurationList = 269CF4A52AB8D9AC00418F46 /* Build configuration list for PBXNativeTarget "wearable-ios" */;
			buildPhases = (
				269CF4932AB8D9A900418F46 /* Sources */,
				269CF4942AB8D9A900418F46 /* Frameworks */,
				269CF4952AB8D9A900418F46 /* Resources */,
			);
			buildRules = (
			);
			dependencies = (
			);
			name = "wearable-ios";
			packageProductDependencies = (
				268C52592ACA4AD400977A6C /* FirebaseAuth */,
				268C525B2ACA4AD400977A6C /* FirebaseAuthCombine-Community */,
				268C52652ACA4AD400977A6C /* FirebaseFirestore */,
				268C52672ACA4AD400977A6C /* FirebaseFirestoreCombine-Community */,
				268C52692ACA4AD400977A6C /* FirebaseFirestoreSwift */,
				268C527F2ACA4AD400977A6C /* FirebaseStorage */,
				268C52812ACA4AD400977A6C /* FirebaseStorageCombine-Community */,
				26F28D842B05548F00082572 /* AsyncBluetooth */,
			);
			productName = "wearable-ios";
			productReference = 269CF4972AB8D9A900418F46 /* wearable-ios.app */;
			productType = "com.apple.product-type.application";
		};
/* End PBXNativeTarget section */

/* Begin PBXProject section */
		269CF48F2AB8D9A900418F46 /* Project object */ = {
			isa = PBXProject;
			attributes = {
				BuildIndependentTargetsInParallel = 1;
				LastSwiftUpdateCheck = 1500;
				LastUpgradeCheck = 1500;
				TargetAttributes = {
					269CF4962AB8D9A900418F46 = {
						CreatedOnToolsVersion = 15.0;
					};
				};
			};
			buildConfigurationList = 269CF4922AB8D9A900418F46 /* Build configuration list for PBXProject "wearable-ios" */;
			compatibilityVersion = "Xcode 14.0";
			developmentRegion = en;
			hasScannedForEncodings = 0;
			knownRegions = (
				en,
				Base,
			);
			mainGroup = 269CF48E2AB8D9A900418F46;
			packageReferences = (
				268C523E2ACA485A00977A6C /* XCRemoteSwiftPackageReference "firebase-ios-sdk" */,
				26F28D832B05548F00082572 /* XCRemoteSwiftPackageReference "AsyncBluetooth" */,
			);
			productRefGroup = 269CF4982AB8D9A900418F46 /* Products */;
			projectDirPath = "";
			projectRoot = "";
			targets = (
				269CF4962AB8D9A900418F46 /* wearable-ios */,
			);
		};
/* End PBXProject section */

/* Begin PBXResourcesBuildPhase section */
		269CF4952AB8D9A900418F46 /* Resources */ = {
			isa = PBXResourcesBuildPhase;
			buildActionMask = 2147483647;
			files = (
				269CF49F2AB8D9AC00418F46 /* Assets.xcassets in Resources */,
				26FEE4F22BC89A3C0015CCF3 /* Config.xcconfig in Resources */,
				26E189722BD2A6B100F6F6E1 /* GoogleService-Info.plist in Resources */,
			);
			runOnlyForDeploymentPostprocessing = 0;
		};
/* End PBXResourcesBuildPhase section */

/* Begin PBXSourcesBuildPhase section */
		269CF4932AB8D9A900418F46 /* Sources */ = {
			isa = PBXSourcesBuildPhase;
			buildActionMask = 2147483647;
			files = (
				260480412CBB12CA0060A4D2 /* HeartRateChartView.swift in Sources */,
				26BEC1572BAF528600B5E35D /* LiveDataGraph.swift in Sources */,
				269E8F1E2C8CF6C2001B68D7 /* WaypointListener.swift in Sources */,
				262057F52B608A6F00FCDEA6 /* DeviceBatteryListener.swift in Sources */,
				26B6E85C2BD315000041DEEB /* CookieMonsterViewController.swift in Sources */,
				2683C3242AE2CBEA00C59DFF /* HighFrequencyData.swift in Sources */,
				266D038B2CAF5659003E6E44 /* LivePPGData.swift in Sources */,
				266358EF2B84EDA1005C5C18 /* LocalDeviceDataManagerService.swift in Sources */,
				26D530952AD8800300E4CAFE /* MainMenu.swift in Sources */,
				269E8F212C8CF830001B68D7 /* WaypointsListView.swift in Sources */,
				2604803B2CBAE2EA0060A4D2 /* HeartRateViewModel.swift in Sources */,
				26EC49862C9B659B001F1765 /* HeartRateView.swift in Sources */,
				64B963792ACBD6C300EDCBD7 /* SelfReportView.swift in Sources */,
				6A0395E52AD4AF410089EBC1 /* MainTabView.swift in Sources */,
				26EB8E0D2C9B4AAF00B873BB /* LiveDataRowLabel.swift in Sources */,
				26E189762BD2F24100F6F6E1 /* CookieMonster.swift in Sources */,
				26BABA492BD871D9004193DF /* BluetoothExtensions.swift in Sources */,
				2683C3262AE2D29C00C59DFF /* DataTransferError.swift in Sources */,
				64B9637F2ACC94A900EDCBD7 /* MenuTestView.swift in Sources */,
				26DEEF382B857A5E00A7DEB9 /* LocalDataCSVRow.swift in Sources */,
				2683C3202AE2C74300C59DFF /* IncomingWearablePacketLegacy.swift in Sources */,
				2683C3222AE2C79700C59DFF /* IncomingWearableData.swift in Sources */,
				269CF49D2AB8D9A900418F46 /* HomeView.swift in Sources */,
				26E495672CAB17770030AF2C /* NumericalRow.swift in Sources */,
				26DF8BA02ACF724B0077F316 /* FirebaseDeviceDataUploaderService.swift in Sources */,
				262785722B0442820077E3FC /* AddDeviceView.swift in Sources */,
				26DEEF362B8576C100A7DEB9 /* LocalDataDayBrowser.swift in Sources */,
				64B9637D2ACBD6FB00EDCBD7 /* HelpView.swift in Sources */,
				26DEEF3C2B858A7500A7DEB9 /* IncomingWearablePacket.swift in Sources */,
				260A726F2AE1E7D3005FC26B /* LowFrequencyData.swift in Sources */,
				2694B8A22B0BB7D800FB2FA9 /* QueryStorageDirectoryService.swift in Sources */,
				262057F32B60864A00FCDEA6 /* PairedDeviceRow.swift in Sources */,
				26EC49892C9C76A4001F1765 /* HeartRateAnalysis.swift in Sources */,
				26FEE4F72BC8B1B50015CCF3 /* LoginWebView.swift in Sources */,
				26834A742CB8B1B3003D713E /* FileHandleTest.swift in Sources */,
				269CF49B2AB8D9A900418F46 /* WearableApp.swift in Sources */,
				2640B69F2ABB2D9E002E1DD2 /* BluetoothTestView.swift in Sources */,
				260480432CBB133C0060A4D2 /* HeartRateChannelSelectorView.swift in Sources */,
				267D61032AE5DA2400BEF799 /* CSVDataRow.swift in Sources */,
				2683C31E2AE2C55600C59DFF /* MediumFrequencyData.swift in Sources */,
				26809ED52AD5FB4100A89803 /* CBUUIDs.swift in Sources */,
				2661E53F2CE187D5008BCD96 /* PairedPeripheralManager.swift in Sources */,
				26DEEF3F2B858AA200A7DEB9 /* SampleData.swift in Sources */,
				2604803F2CBB05C40060A4D2 /* PPGChartView.swift in Sources */,
				26DEEF342B85760F00A7DEB9 /* CloudDataDayBrowser.swift in Sources */,
				26E189742BD2AF1700F6F6E1 /* APIManager.swift in Sources */,
				2694B89D2B0BB10C00FB2FA9 /* DeviceDetailView.swift in Sources */,
				26BEC1592BAF623900B5E35D /* LiveDataViewSingle.swift in Sources */,
				64B963772ACBD66F00EDCBD7 /* SettingsView.swift in Sources */,
				260CAFAF2C910EED001F92A6 /* Date.extensions.swift in Sources */,
				64C302B12AE8799A00E8B0A3 /* CheckboxToggleStyle.swift in Sources */,
				64B9637B2ACBD6DC00EDCBD7 /* DevicesView.swift in Sources */,
				26F28D802B05490E00082572 /* PairedPeripheral.swift in Sources */,
				26C250912CDDA55E005FC885 /* Esgalhado.swift in Sources */,
				26EF25B32CD1916500BF4CE0 /* Notifications.extensions.swift in Sources */,
				2694B89F2B0BB56900FB2FA9 /* DeviceDataBrowser.swift in Sources */,
				26F28D7E2B0534D300082572 /* BLEModel.swift in Sources */,
				26986D612B211455009B4A73 /* LiveDataView.swift in Sources */,
				26C2508F2CDDA01D005FC885 /* ZScore.swift in Sources */,
				7B6F1C682C90FC7E0016E796 /* NotificationModel.swift in Sources */,
				26D530972AD8875E00E4CAFE /* AuthDeciderView.swift in Sources */,
				267D61052AE5DBB300BEF799 /* CSVBuffer.swift in Sources */,
				266283E92B06A85400512992 /* BLEModel-Peripheral.swift in Sources */,
				26E495652CAB03A10030AF2C /* ConfigureHeartRateView.swift in Sources */,
				2670226A2B843BC3002A7EAC /* NewDevicePairedService.swift in Sources */,
				2672ED892B16B7E200D70BB8 /* TextFieldForm.swift in Sources */,
				26DEEF412B858B2600A7DEB9 /* IncomingDataBuffer.swift in Sources */,
				64C302B32AE885F600E8B0A3 /* ReportUploaderService.swift in Sources */,
				645514602AFD5F3800775DE3 /* RadioButtonStyle.swift in Sources */,
				6AD31FCE2AD48CEB00043ACA /* AuthViewModel.swift in Sources */,
				26A1B50C2CA613F700DB5C26 /* DisplayHeartRate.swift in Sources */,
				2640B6A12ABB639F002E1DD2 /* BluetoothTestPeripheralView.swift in Sources */,
				2604803D2CBAEBDB0060A4D2 /* HeartRateTestingUtils.swift in Sources */,
				26DEEF3A2B857A7C00A7DEB9 /* CloudDataCSVRow.swift in Sources */,
				260A72712AE1E7E6005FC26B /* Data.extensions.swift in Sources */,
				260480382CBAC7470060A4D2 /* Array.extensions.swift in Sources */,
				262785702B043F8E0077E3FC /* FloatingButton.swift in Sources */,
			);
			runOnlyForDeploymentPostprocessing = 0;
		};
/* End PBXSourcesBuildPhase section */

/* Begin XCBuildConfiguration section */
		269CF4A32AB8D9AC00418F46 /* Debug */ = {
			isa = XCBuildConfiguration;
			buildSettings = {
				ALWAYS_SEARCH_USER_PATHS = NO;
				ASSETCATALOG_COMPILER_GENERATE_SWIFT_ASSET_SYMBOL_EXTENSIONS = YES;
				CLANG_ANALYZER_NONNULL = YES;
				CLANG_ANALYZER_NUMBER_OBJECT_CONVERSION = YES_AGGRESSIVE;
				CLANG_CXX_LANGUAGE_STANDARD = "gnu++20";
				CLANG_ENABLE_MODULES = YES;
				CLANG_ENABLE_OBJC_ARC = YES;
				CLANG_ENABLE_OBJC_WEAK = YES;
				CLANG_WARN_BLOCK_CAPTURE_AUTORELEASING = YES;
				CLANG_WARN_BOOL_CONVERSION = YES;
				CLANG_WARN_COMMA = YES;
				CLANG_WARN_CONSTANT_CONVERSION = YES;
				CLANG_WARN_DEPRECATED_OBJC_IMPLEMENTATIONS = YES;
				CLANG_WARN_DIRECT_OBJC_ISA_USAGE = YES_ERROR;
				CLANG_WARN_DOCUMENTATION_COMMENTS = YES;
				CLANG_WARN_EMPTY_BODY = YES;
				CLANG_WARN_ENUM_CONVERSION = YES;
				CLANG_WARN_INFINITE_RECURSION = YES;
				CLANG_WARN_INT_CONVERSION = YES;
				CLANG_WARN_NON_LITERAL_NULL_CONVERSION = YES;
				CLANG_WARN_OBJC_IMPLICIT_RETAIN_SELF = YES;
				CLANG_WARN_OBJC_LITERAL_CONVERSION = YES;
				CLANG_WARN_OBJC_ROOT_CLASS = YES_ERROR;
				CLANG_WARN_QUOTED_INCLUDE_IN_FRAMEWORK_HEADER = YES;
				CLANG_WARN_RANGE_LOOP_ANALYSIS = YES;
				CLANG_WARN_STRICT_PROTOTYPES = YES;
				CLANG_WARN_SUSPICIOUS_MOVE = YES;
				CLANG_WARN_UNGUARDED_AVAILABILITY = YES_AGGRESSIVE;
				CLANG_WARN_UNREACHABLE_CODE = YES;
				CLANG_WARN__DUPLICATE_METHOD_MATCH = YES;
				COPY_PHASE_STRIP = NO;
				DEBUG_INFORMATION_FORMAT = dwarf;
				ENABLE_STRICT_OBJC_MSGSEND = YES;
				ENABLE_TESTABILITY = YES;
				ENABLE_USER_SCRIPT_SANDBOXING = YES;
				GCC_C_LANGUAGE_STANDARD = gnu17;
				GCC_DYNAMIC_NO_PIC = NO;
				GCC_NO_COMMON_BLOCKS = YES;
				GCC_OPTIMIZATION_LEVEL = 0;
				GCC_PREPROCESSOR_DEFINITIONS = (
					"DEBUG=1",
					"$(inherited)",
				);
				GCC_WARN_64_TO_32_BIT_CONVERSION = YES;
				GCC_WARN_ABOUT_RETURN_TYPE = YES_ERROR;
				GCC_WARN_UNDECLARED_SELECTOR = YES;
				GCC_WARN_UNINITIALIZED_AUTOS = YES_AGGRESSIVE;
				GCC_WARN_UNUSED_FUNCTION = YES;
				GCC_WARN_UNUSED_VARIABLE = YES;
				IPHONEOS_DEPLOYMENT_TARGET = 17.0;
				LOCALIZATION_PREFERS_STRING_CATALOGS = YES;
				MTL_ENABLE_DEBUG_INFO = INCLUDE_SOURCE;
				MTL_FAST_MATH = YES;
				ONLY_ACTIVE_ARCH = YES;
				SDKROOT = iphoneos;
				SWIFT_ACTIVE_COMPILATION_CONDITIONS = "DEBUG $(inherited)";
				SWIFT_OPTIMIZATION_LEVEL = "-Onone";
				SWIFT_STRICT_CONCURRENCY = complete;
			};
			name = Debug;
		};
		269CF4A42AB8D9AC00418F46 /* Release */ = {
			isa = XCBuildConfiguration;
			buildSettings = {
				ALWAYS_SEARCH_USER_PATHS = NO;
				ASSETCATALOG_COMPILER_GENERATE_SWIFT_ASSET_SYMBOL_EXTENSIONS = YES;
				CLANG_ANALYZER_NONNULL = YES;
				CLANG_ANALYZER_NUMBER_OBJECT_CONVERSION = YES_AGGRESSIVE;
				CLANG_CXX_LANGUAGE_STANDARD = "gnu++20";
				CLANG_ENABLE_MODULES = YES;
				CLANG_ENABLE_OBJC_ARC = YES;
				CLANG_ENABLE_OBJC_WEAK = YES;
				CLANG_WARN_BLOCK_CAPTURE_AUTORELEASING = YES;
				CLANG_WARN_BOOL_CONVERSION = YES;
				CLANG_WARN_COMMA = YES;
				CLANG_WARN_CONSTANT_CONVERSION = YES;
				CLANG_WARN_DEPRECATED_OBJC_IMPLEMENTATIONS = YES;
				CLANG_WARN_DIRECT_OBJC_ISA_USAGE = YES_ERROR;
				CLANG_WARN_DOCUMENTATION_COMMENTS = YES;
				CLANG_WARN_EMPTY_BODY = YES;
				CLANG_WARN_ENUM_CONVERSION = YES;
				CLANG_WARN_INFINITE_RECURSION = YES;
				CLANG_WARN_INT_CONVERSION = YES;
				CLANG_WARN_NON_LITERAL_NULL_CONVERSION = YES;
				CLANG_WARN_OBJC_IMPLICIT_RETAIN_SELF = YES;
				CLANG_WARN_OBJC_LITERAL_CONVERSION = YES;
				CLANG_WARN_OBJC_ROOT_CLASS = YES_ERROR;
				CLANG_WARN_QUOTED_INCLUDE_IN_FRAMEWORK_HEADER = YES;
				CLANG_WARN_RANGE_LOOP_ANALYSIS = YES;
				CLANG_WARN_STRICT_PROTOTYPES = YES;
				CLANG_WARN_SUSPICIOUS_MOVE = YES;
				CLANG_WARN_UNGUARDED_AVAILABILITY = YES_AGGRESSIVE;
				CLANG_WARN_UNREACHABLE_CODE = YES;
				CLANG_WARN__DUPLICATE_METHOD_MATCH = YES;
				COPY_PHASE_STRIP = NO;
				DEBUG_INFORMATION_FORMAT = "dwarf-with-dsym";
				ENABLE_NS_ASSERTIONS = NO;
				ENABLE_STRICT_OBJC_MSGSEND = YES;
				ENABLE_USER_SCRIPT_SANDBOXING = YES;
				GCC_C_LANGUAGE_STANDARD = gnu17;
				GCC_NO_COMMON_BLOCKS = YES;
				GCC_WARN_64_TO_32_BIT_CONVERSION = YES;
				GCC_WARN_ABOUT_RETURN_TYPE = YES_ERROR;
				GCC_WARN_UNDECLARED_SELECTOR = YES;
				GCC_WARN_UNINITIALIZED_AUTOS = YES_AGGRESSIVE;
				GCC_WARN_UNUSED_FUNCTION = YES;
				GCC_WARN_UNUSED_VARIABLE = YES;
				IPHONEOS_DEPLOYMENT_TARGET = 17.0;
				LOCALIZATION_PREFERS_STRING_CATALOGS = YES;
				MTL_ENABLE_DEBUG_INFO = NO;
				MTL_FAST_MATH = YES;
				SDKROOT = iphoneos;
				SWIFT_COMPILATION_MODE = wholemodule;
				SWIFT_STRICT_CONCURRENCY = complete;
				VALIDATE_PRODUCT = YES;
			};
			name = Release;
		};
		269CF4A62AB8D9AC00418F46 /* Debug */ = {
			isa = XCBuildConfiguration;
			baseConfigurationReference = 26FEE4F12BC89A3C0015CCF3 /* Config.xcconfig */;
			buildSettings = {
				ASSETCATALOG_COMPILER_APPICON_NAME = AppIcon;
				ASSETCATALOG_COMPILER_GLOBAL_ACCENT_COLOR_NAME = AccentColor;
				CODE_SIGN_IDENTITY = "Apple Development";
				CODE_SIGN_STYLE = Automatic;
				CURRENT_PROJECT_VERSION = "$(BUILD_NUMBER)";
				DEVELOPMENT_TEAM = N5ST449PX2;
				ENABLE_PREVIEWS = YES;
				GENERATE_INFOPLIST_FILE = YES;
				INFOPLIST_FILE = "wearable-ios/Info.plist";
				INFOPLIST_KEY_CFBundleDisplayName = Wearable;
				INFOPLIST_KEY_NSBluetoothAlwaysUsageDescription = "Required to use app";
				INFOPLIST_KEY_NSBluetoothPeripheralUsageDescription = "This app would like to use bluetooth";
				INFOPLIST_KEY_UIApplicationSceneManifest_Generation = YES;
				INFOPLIST_KEY_UIApplicationSupportsIndirectInputEvents = YES;
				INFOPLIST_KEY_UILaunchScreen_Generation = YES;
				INFOPLIST_KEY_UISupportedInterfaceOrientations = "UIInterfaceOrientationLandscapeRight UIInterfaceOrientationPortrait";
				INFOPLIST_KEY_UISupportedInterfaceOrientations_iPad = "UIInterfaceOrientationLandscapeLeft UIInterfaceOrientationLandscapeRight UIInterfaceOrientationPortrait UIInterfaceOrientationPortraitUpsideDown";
				LD_RUNPATH_SEARCH_PATHS = (
					"$(inherited)",
					"@executable_path/Frameworks",
				);
				MARKETING_VERSION = "$(VERSION)";
				PRODUCT_BUNDLE_IDENTIFIER = "edu.duke.pratt.dunn.wearable-ios";
				PRODUCT_NAME = "$(TARGET_NAME)";
				PROVISIONING_PROFILE_SPECIFIER = "";
				SWIFT_EMIT_LOC_STRINGS = YES;
				SWIFT_STRICT_CONCURRENCY = complete;
				SWIFT_VERSION = 5.0;
				TARGETED_DEVICE_FAMILY = "1,2";
			};
			name = Debug;
		};
		269CF4A72AB8D9AC00418F46 /* Release */ = {
			isa = XCBuildConfiguration;
			baseConfigurationReference = 26FEE4F12BC89A3C0015CCF3 /* Config.xcconfig */;
			buildSettings = {
				ASSETCATALOG_COMPILER_APPICON_NAME = AppIcon;
				ASSETCATALOG_COMPILER_GLOBAL_ACCENT_COLOR_NAME = AccentColor;
				CODE_SIGN_IDENTITY = "Apple Development";
				CODE_SIGN_STYLE = Automatic;
				CURRENT_PROJECT_VERSION = "$(BUILD_NUMBER)";
				DEVELOPMENT_TEAM = N5ST449PX2;
				ENABLE_PREVIEWS = YES;
				GENERATE_INFOPLIST_FILE = YES;
				INFOPLIST_FILE = "wearable-ios/Info.plist";
				INFOPLIST_KEY_CFBundleDisplayName = Wearable;
				INFOPLIST_KEY_NSBluetoothAlwaysUsageDescription = "Required to use app";
				INFOPLIST_KEY_NSBluetoothPeripheralUsageDescription = "This app would like to use bluetooth";
				INFOPLIST_KEY_UIApplicationSceneManifest_Generation = YES;
				INFOPLIST_KEY_UIApplicationSupportsIndirectInputEvents = YES;
				INFOPLIST_KEY_UILaunchScreen_Generation = YES;
				INFOPLIST_KEY_UISupportedInterfaceOrientations = "UIInterfaceOrientationLandscapeRight UIInterfaceOrientationPortrait";
				INFOPLIST_KEY_UISupportedInterfaceOrientations_iPad = "UIInterfaceOrientationLandscapeLeft UIInterfaceOrientationLandscapeRight UIInterfaceOrientationPortrait UIInterfaceOrientationPortraitUpsideDown";
				LD_RUNPATH_SEARCH_PATHS = (
					"$(inherited)",
					"@executable_path/Frameworks",
				);
				MARKETING_VERSION = "$(VERSION)";
				PRODUCT_BUNDLE_IDENTIFIER = "edu.duke.pratt.dunn.wearable-ios";
				PRODUCT_NAME = "$(TARGET_NAME)";
				PROVISIONING_PROFILE_SPECIFIER = "";
				SWIFT_EMIT_LOC_STRINGS = YES;
				SWIFT_STRICT_CONCURRENCY = complete;
				SWIFT_VERSION = 5.0;
				TARGETED_DEVICE_FAMILY = "1,2";
			};
			name = Release;
		};
/* End XCBuildConfiguration section */

/* Begin XCConfigurationList section */
		269CF4922AB8D9A900418F46 /* Build configuration list for PBXProject "wearable-ios" */ = {
			isa = XCConfigurationList;
			buildConfigurations = (
				269CF4A32AB8D9AC00418F46 /* Debug */,
				269CF4A42AB8D9AC00418F46 /* Release */,
			);
			defaultConfigurationIsVisible = 0;
			defaultConfigurationName = Release;
		};
		269CF4A52AB8D9AC00418F46 /* Build configuration list for PBXNativeTarget "wearable-ios" */ = {
			isa = XCConfigurationList;
			buildConfigurations = (
				269CF4A62AB8D9AC00418F46 /* Debug */,
				269CF4A72AB8D9AC00418F46 /* Release */,
			);
			defaultConfigurationIsVisible = 0;
			defaultConfigurationName = Release;
		};
/* End XCConfigurationList section */

/* Begin XCRemoteSwiftPackageReference section */
		268C523E2ACA485A00977A6C /* XCRemoteSwiftPackageReference "firebase-ios-sdk" */ = {
			isa = XCRemoteSwiftPackageReference;
			repositoryURL = "https://github.com/firebase/firebase-ios-sdk";
			requirement = {
				kind = upToNextMajorVersion;
				minimumVersion = 10.15.0;
			};
		};
		26F28D832B05548F00082572 /* XCRemoteSwiftPackageReference "AsyncBluetooth" */ = {
			isa = XCRemoteSwiftPackageReference;
			repositoryURL = "https://github.com/manolofdez/AsyncBluetooth";
			requirement = {
				kind = upToNextMajorVersion;
				minimumVersion = 1.8.3;
			};
		};
/* End XCRemoteSwiftPackageReference section */

/* Begin XCSwiftPackageProductDependency section */
		268C52592ACA4AD400977A6C /* FirebaseAuth */ = {
			isa = XCSwiftPackageProductDependency;
			package = 268C523E2ACA485A00977A6C /* XCRemoteSwiftPackageReference "firebase-ios-sdk" */;
			productName = FirebaseAuth;
		};
		268C525B2ACA4AD400977A6C /* FirebaseAuthCombine-Community */ = {
			isa = XCSwiftPackageProductDependency;
			package = 268C523E2ACA485A00977A6C /* XCRemoteSwiftPackageReference "firebase-ios-sdk" */;
			productName = "FirebaseAuthCombine-Community";
		};
		268C52652ACA4AD400977A6C /* FirebaseFirestore */ = {
			isa = XCSwiftPackageProductDependency;
			package = 268C523E2ACA485A00977A6C /* XCRemoteSwiftPackageReference "firebase-ios-sdk" */;
			productName = FirebaseFirestore;
		};
		268C52672ACA4AD400977A6C /* FirebaseFirestoreCombine-Community */ = {
			isa = XCSwiftPackageProductDependency;
			package = 268C523E2ACA485A00977A6C /* XCRemoteSwiftPackageReference "firebase-ios-sdk" */;
			productName = "FirebaseFirestoreCombine-Community";
		};
		268C52692ACA4AD400977A6C /* FirebaseFirestoreSwift */ = {
			isa = XCSwiftPackageProductDependency;
			package = 268C523E2ACA485A00977A6C /* XCRemoteSwiftPackageReference "firebase-ios-sdk" */;
			productName = FirebaseFirestoreSwift;
		};
		268C527F2ACA4AD400977A6C /* FirebaseStorage */ = {
			isa = XCSwiftPackageProductDependency;
			package = 268C523E2ACA485A00977A6C /* XCRemoteSwiftPackageReference "firebase-ios-sdk" */;
			productName = FirebaseStorage;
		};
		268C52812ACA4AD400977A6C /* FirebaseStorageCombine-Community */ = {
			isa = XCSwiftPackageProductDependency;
			package = 268C523E2ACA485A00977A6C /* XCRemoteSwiftPackageReference "firebase-ios-sdk" */;
			productName = "FirebaseStorageCombine-Community";
		};
		26F28D842B05548F00082572 /* AsyncBluetooth */ = {
			isa = XCSwiftPackageProductDependency;
			package = 26F28D832B05548F00082572 /* XCRemoteSwiftPackageReference "AsyncBluetooth" */;
			productName = AsyncBluetooth;
		};
/* End XCSwiftPackageProductDependency section */
	};
	rootObject = 269CF48F2AB8D9A900418F46 /* Project object */;
}
